
Microsoft Visual Studio Solution File, Format Version 12.00
# Visual Studio Version 16
VisualStudioVersion = 16.0.30907.101
MinimumVisualStudioVersion = 10.0.40219.1
Project("{9A19103F-16F7-4668-BE54-9A1E7A4F7556}") = "A4__MovieLibraryAssignment", "A4__MovieLibraryAssignment\A4__MovieLibraryAssignment.csproj", "{3458ED86-DE7D-453B-A790-554F929CF72B}"
EndProject
Project("{FAE04EC0-301F-11D3-BF4B-00C04F79EFBC}") = "MovieLibraryAssignment00.Tests", "MovieLibraryAssignment00.Tests\MovieLibraryAssignment00.Tests.csproj", "{60EE0AC7-43F8-48C2-993E-994C9A372343}"
EndProject
Global
	GlobalSection(SolutionConfigurationPlatforms) = preSolution
		Debug|Any CPU = Debug|Any CPU
		Release|Any CPU = Release|Any CPU
	EndGlobalSection
	GlobalSection(ProjectConfigurationPlatforms) = postSolution
		{3458ED86-DE7D-453B-A790-554F929CF72B}.Debug|Any CPU.ActiveCfg = Debug|Any CPU
		{3458ED86-DE7D-453B-A790-554F929CF72B}.Debug|Any CPU.Build.0 = Debug|Any CPU
		{3458ED86-DE7D-453B-A790-554F929CF72B}.Release|Any CPU.ActiveCfg = Release|Any CPU
		{3458ED86-DE7D-453B-A790-554F929CF72B}.Release|Any CPU.Build.0 = Release|Any CPU
		{60EE0AC7-43F8-48C2-993E-994C9A372343}.Debug|Any CPU.ActiveCfg = Debug|Any CPU
		{60EE0AC7-43F8-48C2-993E-994C9A372343}.Debug|Any CPU.Build.0 = Debug|Any CPU
		{60EE0AC7-43F8-48C2-993E-994C9A372343}.Release|Any CPU.ActiveCfg = Release|Any CPU
		{60EE0AC7-43F8-48C2-993E-994C9A372343}.Release|Any CPU.Build.0 = Release|Any CPU
	EndGlobalSection
	GlobalSection(SolutionProperties) = preSolution
		HideSolutionNode = FALSE
	EndGlobalSection
	GlobalSection(ExtensibilityGlobals) = postSolution
		SolutionGuid = {709C4CF9-279B-4FE6-9BDE-CD3EB0227BF8}
	EndGlobalSection
EndGlobal
